
Microsoft Visual Studio Solution File, Format Version 12.00
# Visual Studio Version 16
VisualStudioVersion = 16.0.31515.178
MinimumVisualStudioVersion = 10.0.40219.1
Project("{F184B08F-C81C-45F6-A57F-5ABD9991F28F}") = "201903905_COBROLUZ", "201903905_COBROLUZ\201903905_COBROLUZ.vbproj", "{C742231C-61E3-42ED-9AC9-3357B0DA2FE9}"
EndProject
Global
	GlobalSection(SolutionConfigurationPlatforms) = preSolution
		Debug|Any CPU = Debug|Any CPU
		Release|Any CPU = Release|Any CPU
	EndGlobalSection
	GlobalSection(ProjectConfigurationPlatforms) = postSolution
		{C742231C-61E3-42ED-9AC9-3357B0DA2FE9}.Debug|Any CPU.ActiveCfg = Debug|Any CPU
		{C742231C-61E3-42ED-9AC9-3357B0DA2FE9}.Debug|Any CPU.Build.0 = Debug|Any CPU
		{C742231C-61E3-42ED-9AC9-3357B0DA2FE9}.Release|Any CPU.ActiveCfg = Release|Any CPU
		{C742231C-61E3-42ED-9AC9-3357B0DA2FE9}.Release|Any CPU.Build.0 = Release|Any CPU
	EndGlobalSection
	GlobalSection(SolutionProperties) = preSolution
		HideSolutionNode = FALSE
	EndGlobalSection
	GlobalSection(ExtensibilityGlobals) = postSolution
		SolutionGuid = {955491AB-AD3E-48CB-A978-A65F98C187BA}
	EndGlobalSection
EndGlobal
